
Microsoft Visual Studio Solution File, Format Version 12.00
# Visual Studio Version 17
VisualStudioVersion = 17.0.31903.59
MinimumVisualStudioVersion = 10.0.40219.1
Project("{2150E333-8FDC-42A3-9474-1A3956D46DE8}") = "src", "src", "{827E0CD3-B72D-47B6-A68D-7590B98EB39B}"
EndProject
Project("{FAE04EC0-301F-11D3-BF4B-00C04F79EFBC}") = "FusionCanvas.App", "src\FusionCanvas.App\FusionCanvas.App.csproj", "{96B68CB5-47F0-4C20-89AF-6A80713680FF}"
EndProject
Project("{FAE04EC0-301F-11D3-BF4B-00C04F79EFBC}") = "FusionCanvas.Domain", "src\FusionCanvas.Domain\FusionCanvas.Domain.csproj", "{16D4E82B-6B97-4738-AD05-B4A3A8D75B69}"
EndProject
Project("{FAE04EC0-301F-11D3-BF4B-00C04F79EFBC}") = "FusionCanvas.Application", "src\FusionCanvas.Application\FusionCanvas.Application.csproj", "{84343E8B-A39F-459D-A168-DC0F9D2B3ED9}"
EndProject
Project("{FAE04EC0-301F-11D3-BF4B-00C04F79EFBC}") = "FusionCanvas.Integration", "src\FusionCanvas.Integration\FusionCanvas.Integration.csproj", "{15600F29-1868-4749-813B-16234CF43610}"
EndProject
Project("{2150E333-8FDC-42A3-9474-1A3956D46DE8}") = "tests", "tests", "{0AB3BF05-4346-4AA6-1389-037BE0695223}"
EndProject
Project("{FAE04EC0-301F-11D3-BF4B-00C04F79EFBC}") = "FusionCanvas.Domain.Tests", "tests\FusionCanvas.Domain.Tests\FusionCanvas.Domain.Tests.csproj", "{A315043A-0FF6-473F-8B0C-AE20CF2347FD}"
EndProject
Project("{FAE04EC0-301F-11D3-BF4B-00C04F79EFBC}") = "FusionCanvas.Application.Tests", "tests\FusionCanvas.Application.Tests\FusionCanvas.Application.Tests.csproj", "{1A0A0356-96FA-48BC-A3D1-1B851A46FAF9}"
EndProject
Project("{FAE04EC0-301F-11D3-BF4B-00C04F79EFBC}") = "FusionCanvas.Integration.Tests", "tests\FusionCanvas.Integration.Tests\FusionCanvas.Integration.Tests.csproj", "{D6ABB48C-38CD-4662-B0F3-FDAD83968A5D}"
EndProject
Project("{FAE04EC0-301F-11D3-BF4B-00C04F79EFBC}") = "FusionCanvas.App.Tests", "tests\FusionCanvas.App.Tests\FusionCanvas.App.Tests.csproj", "{49E4A1B5-A76D-49B6-9DCC-88A8045B6808}"
EndProject
Global
	GlobalSection(SolutionConfigurationPlatforms) = preSolution
		Debug|Any CPU = Debug|Any CPU
		Debug|x64 = Debug|x64
		Debug|x86 = Debug|x86
		Release|Any CPU = Release|Any CPU
		Release|x64 = Release|x64
		Release|x86 = Release|x86
	EndGlobalSection
	GlobalSection(ProjectConfigurationPlatforms) = postSolution
		{96B68CB5-47F0-4C20-89AF-6A80713680FF}.Debug|Any CPU.ActiveCfg = Debug|Any CPU
		{96B68CB5-47F0-4C20-89AF-6A80713680FF}.Debug|Any CPU.Build.0 = Debug|Any CPU
		{96B68CB5-47F0-4C20-89AF-6A80713680FF}.Debug|x64.ActiveCfg = Debug|Any CPU
		{96B68CB5-47F0-4C20-89AF-6A80713680FF}.Debug|x64.Build.0 = Debug|Any CPU
		{96B68CB5-47F0-4C20-89AF-6A80713680FF}.Debug|x86.ActiveCfg = Debug|Any CPU
		{96B68CB5-47F0-4C20-89AF-6A80713680FF}.Debug|x86.Build.0 = Debug|Any CPU
		{96B68CB5-47F0-4C20-89AF-6A80713680FF}.Release|Any CPU.ActiveCfg = Release|Any CPU
		{96B68CB5-47F0-4C20-89AF-6A80713680FF}.Release|Any CPU.Build.0 = Release|Any CPU
		{96B68CB5-47F0-4C20-89AF-6A80713680FF}.Release|x64.ActiveCfg = Release|Any CPU
		{96B68CB5-47F0-4C20-89AF-6A80713680FF}.Release|x64.Build.0 = Release|Any CPU
		{96B68CB5-47F0-4C20-89AF-6A80713680FF}.Release|x86.ActiveCfg = Release|Any CPU
		{96B68CB5-47F0-4C20-89AF-6A80713680FF}.Release|x86.Build.0 = Release|Any CPU
		{16D4E82B-6B97-4738-AD05-B4A3A8D75B69}.Debug|Any CPU.ActiveCfg = Debug|Any CPU
		{16D4E82B-6B97-4738-AD05-B4A3A8D75B69}.Debug|Any CPU.Build.0 = Debug|Any CPU
		{16D4E82B-6B97-4738-AD05-B4A3A8D75B69}.Debug|x64.ActiveCfg = Debug|Any CPU
		{16D4E82B-6B97-4738-AD05-B4A3A8D75B69}.Debug|x64.Build.0 = Debug|Any CPU
		{16D4E82B-6B97-4738-AD05-B4A3A8D75B69}.Debug|x86.ActiveCfg = Debug|Any CPU
		{16D4E82B-6B97-4738-AD05-B4A3A8D75B69}.Debug|x86.Build.0 = Debug|Any CPU
		{16D4E82B-6B97-4738-AD05-B4A3A8D75B69}.Release|Any CPU.ActiveCfg = Release|Any CPU
		{16D4E82B-6B97-4738-AD05-B4A3A8D75B69}.Release|Any CPU.Build.0 = Release|Any CPU
		{16D4E82B-6B97-4738-AD05-B4A3A8D75B69}.Release|x64.ActiveCfg = Release|Any CPU
		{16D4E82B-6B97-4738-AD05-B4A3A8D75B69}.Release|x64.Build.0 = Release|Any CPU
		{16D4E82B-6B97-4738-AD05-B4A3A8D75B69}.Release|x86.ActiveCfg = Release|Any CPU
		{16D4E82B-6B97-4738-AD05-B4A3A8D75B69}.Release|x86.Build.0 = Release|Any CPU
		{84343E8B-A39F-459D-A168-DC0F9D2B3ED9}.Debug|Any CPU.ActiveCfg = Debug|Any CPU
		{84343E8B-A39F-459D-A168-DC0F9D2B3ED9}.Debug|Any CPU.Build.0 = Debug|Any CPU
		{84343E8B-A39F-459D-A168-DC0F9D2B3ED9}.Debug|x64.ActiveCfg = Debug|Any CPU
		{84343E8B-A39F-459D-A168-DC0F9D2B3ED9}.Debug|x64.Build.0 = Debug|Any CPU
		{84343E8B-A39F-459D-A168-DC0F9D2B3ED9}.Debug|x86.ActiveCfg = Debug|Any CPU
		{84343E8B-A39F-459D-A168-DC0F9D2B3ED9}.Debug|x86.Build.0 = Debug|Any CPU
		{84343E8B-A39F-459D-A168-DC0F9D2B3ED9}.Release|Any CPU.ActiveCfg = Release|Any CPU
		{84343E8B-A39F-459D-A168-DC0F9D2B3ED9}.Release|Any CPU.Build.0 = Release|Any CPU
		{84343E8B-A39F-459D-A168-DC0F9D2B3ED9}.Release|x64.ActiveCfg = Release|Any CPU
		{84343E8B-A39F-459D-A168-DC0F9D2B3ED9}.Release|x64.Build.0 = Release|Any CPU
		{84343E8B-A39F-459D-A168-DC0F9D2B3ED9}.Release|x86.ActiveCfg = Release|Any CPU
		{84343E8B-A39F-459D-A168-DC0F9D2B3ED9}.Release|x86.Build.0 = Release|Any CPU
		{15600F29-1868-4749-813B-16234CF43610}.Debug|Any CPU.ActiveCfg = Debug|Any CPU
		{15600F29-1868-4749-813B-16234CF43610}.Debug|Any CPU.Build.0 = Debug|Any CPU
		{15600F29-1868-4749-813B-16234CF43610}.Debug|x64.ActiveCfg = Debug|Any CPU
		{15600F29-1868-4749-813B-16234CF43610}.Debug|x64.Build.0 = Debug|Any CPU
		{15600F29-1868-4749-813B-16234CF43610}.Debug|x86.ActiveCfg = Debug|Any CPU
		{15600F29-1868-4749-813B-16234CF43610}.Debug|x86.Build.0 = Debug|Any CPU
		{15600F29-1868-4749-813B-16234CF43610}.Release|Any CPU.ActiveCfg = Release|Any CPU
		{15600F29-1868-4749-813B-16234CF43610}.Release|Any CPU.Build.0 = Release|Any CPU
		{15600F29-1868-4749-813B-16234CF43610}.Release|x64.ActiveCfg = Release|Any CPU
		{15600F29-1868-4749-813B-16234CF43610}.Release|x64.Build.0 = Release|Any CPU
		{15600F29-1868-4749-813B-16234CF43610}.Release|x86.ActiveCfg = Release|Any CPU
		{15600F29-1868-4749-813B-16234CF43610}.Release|x86.Build.0 = Release|Any CPU
		{A315043A-0FF6-473F-8B0C-AE20CF2347FD}.Debug|Any CPU.ActiveCfg = Debug|Any CPU
		{A315043A-0FF6-473F-8B0C-AE20CF2347FD}.Debug|Any CPU.Build.0 = Debug|Any CPU
		{A315043A-0FF6-473F-8B0C-AE20CF2347FD}.Debug|x64.ActiveCfg = Debug|Any CPU
		{A315043A-0FF6-473F-8B0C-AE20CF2347FD}.Debug|x64.Build.0 = Debug|Any CPU
		{A315043A-0FF6-473F-8B0C-AE20CF2347FD}.Debug|x86.ActiveCfg = Debug|Any CPU
		{A315043A-0FF6-473F-8B0C-AE20CF2347FD}.Debug|x86.Build.0 = Debug|Any CPU
		{A315043A-0FF6-473F-8B0C-AE20CF2347FD}.Release|Any CPU.ActiveCfg = Release|Any CPU
		{A315043A-0FF6-473F-8B0C-AE20CF2347FD}.Release|Any CPU.Build.0 = Release|Any CPU
		{A315043A-0FF6-473F-8B0C-AE20CF2347FD}.Release|x64.ActiveCfg = Release|Any CPU
		{A315043A-0FF6-473F-8B0C-AE20CF2347FD}.Release|x64.Build.0 = Release|Any CPU
		{A315043A-0FF6-473F-8B0C-AE20CF2347FD}.Release|x86.ActiveCfg = Release|Any CPU
		{A315043A-0FF6-473F-8B0C-AE20CF2347FD}.Release|x86.Build.0 = Release|Any CPU
		{1A0A0356-96FA-48BC-A3D1-1B851A46FAF9}.Debug|Any CPU.ActiveCfg = Debug|Any CPU
		{1A0A0356-96FA-48BC-A3D1-1B851A46FAF9}.Debug|Any CPU.Build.0 = Debug|Any CPU
		{1A0A0356-96FA-48BC-A3D1-1B851A46FAF9}.Debug|x64.ActiveCfg = Debug|Any CPU
		{1A0A0356-96FA-48BC-A3D1-1B851A46FAF9}.Debug|x64.Build.0 = Debug|Any CPU
		{1A0A0356-96FA-48BC-A3D1-1B851A46FAF9}.Debug|x86.ActiveCfg = Debug|Any CPU
		{1A0A0356-96FA-48BC-A3D1-1B851A46FAF9}.Debug|x86.Build.0 = Debug|Any CPU
		{1A0A0356-96FA-48BC-A3D1-1B851A46FAF9}.Release|Any CPU.ActiveCfg = Release|Any CPU
		{1A0A0356-96FA-48BC-A3D1-1B851A46FAF9}.Release|Any CPU.Build.0 = Release|Any CPU
		{1A0A0356-96FA-48BC-A3D1-1B851A46FAF9}.Release|x64.ActiveCfg = Release|Any CPU
		{1A0A0356-96FA-48BC-A3D1-1B851A46FAF9}.Release|x64.Build.0 = Release|Any CPU
		{1A0A0356-96FA-48BC-A3D1-1B851A46FAF9}.Release|x86.ActiveCfg = Release|Any CPU
		{1A0A0356-96FA-48BC-A3D1-1B851A46FAF9}.Release|x86.Build.0 = Release|Any CPU
		{D6ABB48C-38CD-4662-B0F3-FDAD83968A5D}.Debug|Any CPU.ActiveCfg = Debug|Any CPU
		{D6ABB48C-38CD-4662-B0F3-FDAD83968A5D}.Debug|Any CPU.Build.0 = Debug|Any CPU
		{D6ABB48C-38CD-4662-B0F3-FDAD83968A5D}.Debug|x64.ActiveCfg = Debug|Any CPU
		{D6ABB48C-38CD-4662-B0F3-FDAD83968A5D}.Debug|x64.Build.0 = Debug|Any CPU
		{D6ABB48C-38CD-4662-B0F3-FDAD83968A5D}.Debug|x86.ActiveCfg = Debug|Any CPU
		{D6ABB48C-38CD-4662-B0F3-FDAD83968A5D}.Debug|x86.Build.0 = Debug|Any CPU
		{D6ABB48C-38CD-4662-B0F3-FDAD83968A5D}.Release|Any CPU.ActiveCfg = Release|Any CPU
		{D6ABB48C-38CD-4662-B0F3-FDAD83968A5D}.Release|Any CPU.Build.0 = Release|Any CPU
		{D6ABB48C-38CD-4662-B0F3-FDAD83968A5D}.Release|x64.ActiveCfg = Release|Any CPU
		{D6ABB48C-38CD-4662-B0F3-FDAD83968A5D}.Release|x64.Build.0 = Release|Any CPU
		{D6ABB48C-38CD-4662-B0F3-FDAD83968A5D}.Release|x86.ActiveCfg = Release|Any CPU
		{D6ABB48C-38CD-4662-B0F3-FDAD83968A5D}.Release|x86.Build.0 = Release|Any CPU
		{49E4A1B5-A76D-49B6-9DCC-88A8045B6808}.Debug|Any CPU.ActiveCfg = Debug|Any CPU
		{49E4A1B5-A76D-49B6-9DCC-88A8045B6808}.Debug|Any CPU.Build.0 = Debug|Any CPU
		{49E4A1B5-A76D-49B6-9DCC-88A8045B6808}.Debug|x64.ActiveCfg = Debug|Any CPU
		{49E4A1B5-A76D-49B6-9DCC-88A8045B6808}.Debug|x64.Build.0 = Debug|Any CPU
		{49E4A1B5-A76D-49B6-9DCC-88A8045B6808}.Debug|x86.ActiveCfg = Debug|Any CPU
		{49E4A1B5-A76D-49B6-9DCC-88A8045B6808}.Debug|x86.Build.0 = Debug|Any CPU
		{49E4A1B5-A76D-49B6-9DCC-88A8045B6808}.Release|Any CPU.ActiveCfg = Release|Any CPU
		{49E4A1B5-A76D-49B6-9DCC-88A8045B6808}.Release|Any CPU.Build.0 = Release|Any CPU
		{49E4A1B5-A76D-49B6-9DCC-88A8045B6808}.Release|x64.ActiveCfg = Release|Any CPU
		{49E4A1B5-A76D-49B6-9DCC-88A8045B6808}.Release|x64.Build.0 = Release|Any CPU
		{49E4A1B5-A76D-49B6-9DCC-88A8045B6808}.Release|x86.ActiveCfg = Release|Any CPU
		{49E4A1B5-A76D-49B6-9DCC-88A8045B6808}.Release|x86.Build.0 = Release|Any CPU
	EndGlobalSection
	GlobalSection(SolutionProperties) = preSolution
		HideSolutionNode = FALSE
	EndGlobalSection
	GlobalSection(NestedProjects) = preSolution
		{96B68CB5-47F0-4C20-89AF-6A80713680FF} = {827E0CD3-B72D-47B6-A68D-7590B98EB39B}
		{16D4E82B-6B97-4738-AD05-B4A3A8D75B69} = {827E0CD3-B72D-47B6-A68D-7590B98EB39B}
		{84343E8B-A39F-459D-A168-DC0F9D2B3ED9} = {827E0CD3-B72D-47B6-A68D-7590B98EB39B}
		{15600F29-1868-4749-813B-16234CF43610} = {827E0CD3-B72D-47B6-A68D-7590B98EB39B}
		{A315043A-0FF6-473F-8B0C-AE20CF2347FD} = {0AB3BF05-4346-4AA6-1389-037BE0695223}
		{1A0A0356-96FA-48BC-A3D1-1B851A46FAF9} = {0AB3BF05-4346-4AA6-1389-037BE0695223}
		{D6ABB48C-38CD-4662-B0F3-FDAD83968A5D} = {0AB3BF05-4346-4AA6-1389-037BE0695223}
		{49E4A1B5-A76D-49B6-9DCC-88A8045B6808} = {0AB3BF05-4346-4AA6-1389-037BE0695223}
	EndGlobalSection
EndGlobal
